
Microsoft Visual Studio Solution File, Format Version 12.00
# Visual Studio Version 17
VisualStudioVersion = 17.0.31903.59
MinimumVisualStudioVersion = 10.0.40219.1
Project("{2150E333-8FDC-42A3-9474-1A3956D46DE8}") = "src", "src", "{827E0CD3-B72D-47B6-A68D-7590B98EB39B}"
EndProject
Project("{FAE04EC0-301F-11D3-BF4B-00C04F79EFBC}") = "KidsPocket.Api", "src\KidsPocket.Api\KidsPocket.Api.csproj", "{CE4681B5-4FA2-444C-A064-232C27887219}"
EndProject
Project("{FAE04EC0-301F-11D3-BF4B-00C04F79EFBC}") = "KidsPocket.Application", "src\KidsPocket.Application\KidsPocket.Application.csproj", "{73CAF3E5-5E08-4EFF-87B0-2BC6441D7B98}"
EndProject
Project("{FAE04EC0-301F-11D3-BF4B-00C04F79EFBC}") = "KidsPocket.Contracts", "src\KidsPocket.Contracts\KidsPocket.Contracts.csproj", "{0E568574-29E2-4B0C-B9DF-59F05C4A055D}"
EndProject
Project("{FAE04EC0-301F-11D3-BF4B-00C04F79EFBC}") = "KidsPocket.Domain", "src\KidsPocket.Domain\KidsPocket.Domain.csproj", "{38FA6AD8-C89B-4BAC-8791-E9D7ADE52FEB}"
EndProject
Project("{FAE04EC0-301F-11D3-BF4B-00C04F79EFBC}") = "KidsPocket.Infrastructure", "src\KidsPocket.Infrastructure\KidsPocket.Infrastructure.csproj", "{E5836BA1-57A0-43A6-B077-1403768647AF}"
EndProject
Project("{FAE04EC0-301F-11D3-BF4B-00C04F79EFBC}") = "KidsPocket.Web", "src\KidsPocket.Web\KidsPocket.Web.csproj", "{3C3F6D06-037D-408A-AB9B-663F97BE9AF3}"
EndProject
Project("{FAE04EC0-301F-11D3-BF4B-00C04F79EFBC}") = "KidsPocket.Api.Tests", "tests\KidsPocket.Api.Tests\KidsPocket.Api.Tests.csproj", "{E492D87A-3A82-4A0B-8C00-B10EDE0DF566}"
EndProject
Project("{FAE04EC0-301F-11D3-BF4B-00C04F79EFBC}") = "KidsPocket.Application.Tests", "tests\KidsPocket.Application.Tests\KidsPocket.Application.Tests.csproj", "{53BF13FC-1350-4835-81C9-8B952E09C569}"
EndProject
Project("{FAE04EC0-301F-11D3-BF4B-00C04F79EFBC}") = "KidsPocket.Domain.Tests", "tests\KidsPocket.Domain.Tests\KidsPocket.Domain.Tests.csproj", "{F4F0C9D0-578F-464C-87DD-C95C2A364951}"
EndProject
Global
	GlobalSection(SolutionConfigurationPlatforms) = preSolution
		Debug|Any CPU = Debug|Any CPU
		Debug|x64 = Debug|x64
		Debug|x86 = Debug|x86
		Release|Any CPU = Release|Any CPU
		Release|x64 = Release|x64
		Release|x86 = Release|x86
	EndGlobalSection
	GlobalSection(ProjectConfigurationPlatforms) = postSolution
		{CE4681B5-4FA2-444C-A064-232C27887219}.Debug|Any CPU.ActiveCfg = Debug|Any CPU
		{CE4681B5-4FA2-444C-A064-232C27887219}.Debug|Any CPU.Build.0 = Debug|Any CPU
		{CE4681B5-4FA2-444C-A064-232C27887219}.Debug|x64.ActiveCfg = Debug|Any CPU
		{CE4681B5-4FA2-444C-A064-232C27887219}.Debug|x64.Build.0 = Debug|Any CPU
		{CE4681B5-4FA2-444C-A064-232C27887219}.Debug|x86.ActiveCfg = Debug|Any CPU
		{CE4681B5-4FA2-444C-A064-232C27887219}.Debug|x86.Build.0 = Debug|Any CPU
		{CE4681B5-4FA2-444C-A064-232C27887219}.Release|Any CPU.ActiveCfg = Release|Any CPU
		{CE4681B5-4FA2-444C-A064-232C27887219}.Release|Any CPU.Build.0 = Release|Any CPU
		{CE4681B5-4FA2-444C-A064-232C27887219}.Release|x64.ActiveCfg = Release|Any CPU
		{CE4681B5-4FA2-444C-A064-232C27887219}.Release|x64.Build.0 = Release|Any CPU
		{CE4681B5-4FA2-444C-A064-232C27887219}.Release|x86.ActiveCfg = Release|Any CPU
		{CE4681B5-4FA2-444C-A064-232C27887219}.Release|x86.Build.0 = Release|Any CPU
		{73CAF3E5-5E08-4EFF-87B0-2BC6441D7B98}.Debug|Any CPU.ActiveCfg = Debug|Any CPU
		{73CAF3E5-5E08-4EFF-87B0-2BC6441D7B98}.Debug|Any CPU.Build.0 = Debug|Any CPU
		{73CAF3E5-5E08-4EFF-87B0-2BC6441D7B98}.Debug|x64.ActiveCfg = Debug|Any CPU
		{73CAF3E5-5E08-4EFF-87B0-2BC6441D7B98}.Debug|x64.Build.0 = Debug|Any CPU
		{73CAF3E5-5E08-4EFF-87B0-2BC6441D7B98}.Debug|x86.ActiveCfg = Debug|Any CPU
		{73CAF3E5-5E08-4EFF-87B0-2BC6441D7B98}.Debug|x86.Build.0 = Debug|Any CPU
		{73CAF3E5-5E08-4EFF-87B0-2BC6441D7B98}.Release|Any CPU.ActiveCfg = Release|Any CPU
		{73CAF3E5-5E08-4EFF-87B0-2BC6441D7B98}.Release|Any CPU.Build.0 = Release|Any CPU
		{73CAF3E5-5E08-4EFF-87B0-2BC6441D7B98}.Release|x64.ActiveCfg = Release|Any CPU
		{73CAF3E5-5E08-4EFF-87B0-2BC6441D7B98}.Release|x64.Build.0 = Release|Any CPU
		{73CAF3E5-5E08-4EFF-87B0-2BC6441D7B98}.Release|x86.ActiveCfg = Release|Any CPU
		{73CAF3E5-5E08-4EFF-87B0-2BC6441D7B98}.Release|x86.Build.0 = Release|Any CPU
		{0E568574-29E2-4B0C-B9DF-59F05C4A055D}.Debug|Any CPU.ActiveCfg = Debug|Any CPU
		{0E568574-29E2-4B0C-B9DF-59F05C4A055D}.Debug|Any CPU.Build.0 = Debug|Any CPU
		{0E568574-29E2-4B0C-B9DF-59F05C4A055D}.Debug|x64.ActiveCfg = Debug|Any CPU
		{0E568574-29E2-4B0C-B9DF-59F05C4A055D}.Debug|x64.Build.0 = Debug|Any CPU
		{0E568574-29E2-4B0C-B9DF-59F05C4A055D}.Debug|x86.ActiveCfg = Debug|Any CPU
		{0E568574-29E2-4B0C-B9DF-59F05C4A055D}.Debug|x86.Build.0 = Debug|Any CPU
		{0E568574-29E2-4B0C-B9DF-59F05C4A055D}.Release|Any CPU.ActiveCfg = Release|Any CPU
		{0E568574-29E2-4B0C-B9DF-59F05C4A055D}.Release|Any CPU.Build.0 = Release|Any CPU
		{0E568574-29E2-4B0C-B9DF-59F05C4A055D}.Release|x64.ActiveCfg = Release|Any CPU
		{0E568574-29E2-4B0C-B9DF-59F05C4A055D}.Release|x64.Build.0 = Release|Any CPU
		{0E568574-29E2-4B0C-B9DF-59F05C4A055D}.Release|x86.ActiveCfg = Release|Any CPU
		{0E568574-29E2-4B0C-B9DF-59F05C4A055D}.Release|x86.Build.0 = Release|Any CPU
		{38FA6AD8-C89B-4BAC-8791-E9D7ADE52FEB}.Debug|Any CPU.ActiveCfg = Debug|Any CPU
		{38FA6AD8-C89B-4BAC-8791-E9D7ADE52FEB}.Debug|Any CPU.Build.0 = Debug|Any CPU
		{38FA6AD8-C89B-4BAC-8791-E9D7ADE52FEB}.Debug|x64.ActiveCfg = Debug|Any CPU
		{38FA6AD8-C89B-4BAC-8791-E9D7ADE52FEB}.Debug|x64.Build.0 = Debug|Any CPU
		{38FA6AD8-C89B-4BAC-8791-E9D7ADE52FEB}.Debug|x86.ActiveCfg = Debug|Any CPU
		{38FA6AD8-C89B-4BAC-8791-E9D7ADE52FEB}.Debug|x86.Build.0 = Debug|Any CPU
		{38FA6AD8-C89B-4BAC-8791-E9D7ADE52FEB}.Release|Any CPU.ActiveCfg = Release|Any CPU
		{38FA6AD8-C89B-4BAC-8791-E9D7ADE52FEB}.Release|Any CPU.Build.0 = Release|Any CPU
		{38FA6AD8-C89B-4BAC-8791-E9D7ADE52FEB}.Release|x64.ActiveCfg = Release|Any CPU
		{38FA6AD8-C89B-4BAC-8791-E9D7ADE52FEB}.Release|x64.Build.0 = Release|Any CPU
		{38FA6AD8-C89B-4BAC-8791-E9D7ADE52FEB}.Release|x86.ActiveCfg = Release|Any CPU
		{38FA6AD8-C89B-4BAC-8791-E9D7ADE52FEB}.Release|x86.Build.0 = Release|Any CPU
		{E5836BA1-57A0-43A6-B077-1403768647AF}.Debug|Any CPU.ActiveCfg = Debug|Any CPU
		{E5836BA1-57A0-43A6-B077-1403768647AF}.Debug|Any CPU.Build.0 = Debug|Any CPU
		{E5836BA1-57A0-43A6-B077-1403768647AF}.Debug|x64.ActiveCfg = Debug|Any CPU
		{E5836BA1-57A0-43A6-B077-1403768647AF}.Debug|x64.Build.0 = Debug|Any CPU
		{E5836BA1-57A0-43A6-B077-1403768647AF}.Debug|x86.ActiveCfg = Debug|Any CPU
		{E5836BA1-57A0-43A6-B077-1403768647AF}.Debug|x86.Build.0 = Debug|Any CPU
		{E5836BA1-57A0-43A6-B077-1403768647AF}.Release|Any CPU.ActiveCfg = Release|Any CPU
		{E5836BA1-57A0-43A6-B077-1403768647AF}.Release|Any CPU.Build.0 = Release|Any CPU
		{E5836BA1-57A0-43A6-B077-1403768647AF}.Release|x64.ActiveCfg = Release|Any CPU
		{E5836BA1-57A0-43A6-B077-1403768647AF}.Release|x64.Build.0 = Release|Any CPU
		{E5836BA1-57A0-43A6-B077-1403768647AF}.Release|x86.ActiveCfg = Release|Any CPU
		{E5836BA1-57A0-43A6-B077-1403768647AF}.Release|x86.Build.0 = Release|Any CPU
		{3C3F6D06-037D-408A-AB9B-663F97BE9AF3}.Debug|Any CPU.ActiveCfg = Debug|Any CPU
		{3C3F6D06-037D-408A-AB9B-663F97BE9AF3}.Debug|Any CPU.Build.0 = Debug|Any CPU
		{3C3F6D06-037D-408A-AB9B-663F97BE9AF3}.Debug|x64.ActiveCfg = Debug|Any CPU
		{3C3F6D06-037D-408A-AB9B-663F97BE9AF3}.Debug|x64.Build.0 = Debug|Any CPU
		{3C3F6D06-037D-408A-AB9B-663F97BE9AF3}.Debug|x86.ActiveCfg = Debug|Any CPU
		{3C3F6D06-037D-408A-AB9B-663F97BE9AF3}.Debug|x86.Build.0 = Debug|Any CPU
		{3C3F6D06-037D-408A-AB9B-663F97BE9AF3}.Release|Any CPU.ActiveCfg = Release|Any CPU
		{3C3F6D06-037D-408A-AB9B-663F97BE9AF3}.Release|Any CPU.Build.0 = Release|Any CPU
		{3C3F6D06-037D-408A-AB9B-663F97BE9AF3}.Release|x64.ActiveCfg = Release|Any CPU
		{3C3F6D06-037D-408A-AB9B-663F97BE9AF3}.Release|x64.Build.0 = Release|Any CPU
		{3C3F6D06-037D-408A-AB9B-663F97BE9AF3}.Release|x86.ActiveCfg = Release|Any CPU
		{3C3F6D06-037D-408A-AB9B-663F97BE9AF3}.Release|x86.Build.0 = Release|Any CPU
		{E492D87A-3A82-4A0B-8C00-B10EDE0DF566}.Debug|Any CPU.ActiveCfg = Debug|Any CPU
		{E492D87A-3A82-4A0B-8C00-B10EDE0DF566}.Debug|Any CPU.Build.0 = Debug|Any CPU
		{E492D87A-3A82-4A0B-8C00-B10EDE0DF566}.Debug|x64.ActiveCfg = Debug|Any CPU
		{E492D87A-3A82-4A0B-8C00-B10EDE0DF566}.Debug|x64.Build.0 = Debug|Any CPU
		{E492D87A-3A82-4A0B-8C00-B10EDE0DF566}.Debug|x86.ActiveCfg = Debug|Any CPU
		{E492D87A-3A82-4A0B-8C00-B10EDE0DF566}.Debug|x86.Build.0 = Debug|Any CPU
		{E492D87A-3A82-4A0B-8C00-B10EDE0DF566}.Release|Any CPU.ActiveCfg = Release|Any CPU
		{E492D87A-3A82-4A0B-8C00-B10EDE0DF566}.Release|Any CPU.Build.0 = Release|Any CPU
		{E492D87A-3A82-4A0B-8C00-B10EDE0DF566}.Release|x64.ActiveCfg = Release|Any CPU
		{E492D87A-3A82-4A0B-8C00-B10EDE0DF566}.Release|x64.Build.0 = Release|Any CPU
		{E492D87A-3A82-4A0B-8C00-B10EDE0DF566}.Release|x86.ActiveCfg = Release|Any CPU
		{E492D87A-3A82-4A0B-8C00-B10EDE0DF566}.Release|x86.Build.0 = Release|Any CPU
		{53BF13FC-1350-4835-81C9-8B952E09C569}.Debug|Any CPU.ActiveCfg = Debug|Any CPU
		{53BF13FC-1350-4835-81C9-8B952E09C569}.Debug|Any CPU.Build.0 = Debug|Any CPU
		{53BF13FC-1350-4835-81C9-8B952E09C569}.Debug|x64.ActiveCfg = Debug|Any CPU
		{53BF13FC-1350-4835-81C9-8B952E09C569}.Debug|x64.Build.0 = Debug|Any CPU
		{53BF13FC-1350-4835-81C9-8B952E09C569}.Debug|x86.ActiveCfg = Debug|Any CPU
		{53BF13FC-1350-4835-81C9-8B952E09C569}.Debug|x86.Build.0 = Debug|Any CPU
		{53BF13FC-1350-4835-81C9-8B952E09C569}.Release|Any CPU.ActiveCfg = Release|Any CPU
		{53BF13FC-1350-4835-81C9-8B952E09C569}.Release|Any CPU.Build.0 = Release|Any CPU
		{53BF13FC-1350-4835-81C9-8B952E09C569}.Release|x64.ActiveCfg = Release|Any CPU
		{53BF13FC-1350-4835-81C9-8B952E09C569}.Release|x64.Build.0 = Release|Any CPU
		{53BF13FC-1350-4835-81C9-8B952E09C569}.Release|x86.ActiveCfg = Release|Any CPU
		{53BF13FC-1350-4835-81C9-8B952E09C569}.Release|x86.Build.0 = Release|Any CPU
		{F4F0C9D0-578F-464C-87DD-C95C2A364951}.Debug|Any CPU.ActiveCfg = Debug|Any CPU
		{F4F0C9D0-578F-464C-87DD-C95C2A364951}.Debug|Any CPU.Build.0 = Debug|Any CPU
		{F4F0C9D0-578F-464C-87DD-C95C2A364951}.Debug|x64.ActiveCfg = Debug|Any CPU
		{F4F0C9D0-578F-464C-87DD-C95C2A364951}.Debug|x64.Build.0 = Debug|Any CPU
		{F4F0C9D0-578F-464C-87DD-C95C2A364951}.Debug|x86.ActiveCfg = Debug|Any CPU
		{F4F0C9D0-578F-464C-87DD-C95C2A364951}.Debug|x86.Build.0 = Debug|Any CPU
		{F4F0C9D0-578F-464C-87DD-C95C2A364951}.Release|Any CPU.ActiveCfg = Release|Any CPU
		{F4F0C9D0-578F-464C-87DD-C95C2A364951}.Release|Any CPU.Build.0 = Release|Any CPU
		{F4F0C9D0-578F-464C-87DD-C95C2A364951}.Release|x64.ActiveCfg = Release|Any CPU
		{F4F0C9D0-578F-464C-87DD-C95C2A364951}.Release|x64.Build.0 = Release|Any CPU
		{F4F0C9D0-578F-464C-87DD-C95C2A364951}.Release|x86.ActiveCfg = Release|Any CPU
		{F4F0C9D0-578F-464C-87DD-C95C2A364951}.Release|x86.Build.0 = Release|Any CPU
	EndGlobalSection
	GlobalSection(SolutionProperties) = preSolution
		HideSolutionNode = FALSE
	EndGlobalSection
	GlobalSection(NestedProjects) = preSolution
		{CE4681B5-4FA2-444C-A064-232C27887219} = {827E0CD3-B72D-47B6-A68D-7590B98EB39B}
		{73CAF3E5-5E08-4EFF-87B0-2BC6441D7B98} = {827E0CD3-B72D-47B6-A68D-7590B98EB39B}
		{0E568574-29E2-4B0C-B9DF-59F05C4A055D} = {827E0CD3-B72D-47B6-A68D-7590B98EB39B}
		{38FA6AD8-C89B-4BAC-8791-E9D7ADE52FEB} = {827E0CD3-B72D-47B6-A68D-7590B98EB39B}
		{E5836BA1-57A0-43A6-B077-1403768647AF} = {827E0CD3-B72D-47B6-A68D-7590B98EB39B}
		{3C3F6D06-037D-408A-AB9B-663F97BE9AF3} = {827E0CD3-B72D-47B6-A68D-7590B98EB39B}
		{E492D87A-3A82-4A0B-8C00-B10EDE0DF566} = {827E0CD3-B72D-47B6-A68D-7590B98EB39B}
		{53BF13FC-1350-4835-81C9-8B952E09C569} = {827E0CD3-B72D-47B6-A68D-7590B98EB39B}
		{F4F0C9D0-578F-464C-87DD-C95C2A364951} = {827E0CD3-B72D-47B6-A68D-7590B98EB39B}
	EndGlobalSection
EndGlobal
